
Microsoft Visual Studio Solution File, Format Version 12.00
# Visual Studio Version 16
VisualStudioVersion = 16.0.29613.14
MinimumVisualStudioVersion = 10.0.40219.1
Project("{FAE04EC0-301F-11D3-BF4B-00C04F79EFBC}") = "RSA", "RSA\RSA.csproj", "{391600C8-4B72-4078-A77A-21579764E781}"
EndProject
Global
	GlobalSection(SolutionConfigurationPlatforms) = preSolution
		Debug|Any CPU = Debug|Any CPU
		Release|Any CPU = Release|Any CPU
	EndGlobalSection
	GlobalSection(ProjectConfigurationPlatforms) = postSolution
		{391600C8-4B72-4078-A77A-21579764E781}.Debug|Any CPU.ActiveCfg = Debug|Any CPU
		{391600C8-4B72-4078-A77A-21579764E781}.Debug|Any CPU.Build.0 = Debug|Any CPU
		{391600C8-4B72-4078-A77A-21579764E781}.Release|Any CPU.ActiveCfg = Release|Any CPU
		{391600C8-4B72-4078-A77A-21579764E781}.Release|Any CPU.Build.0 = Release|Any CPU
	EndGlobalSection
	GlobalSection(SolutionProperties) = preSolution
		HideSolutionNode = FALSE
	EndGlobalSection
	GlobalSection(ExtensibilityGlobals) = postSolution
		SolutionGuid = {8F5B0697-3449-4732-8F69-AF40D48546D4}
	EndGlobalSection
EndGlobal
